
Microsoft Visual Studio Solution File, Format Version 12.00
# Visual Studio Version 17
VisualStudioVersion = 17.6.33801.468
MinimumVisualStudioVersion = 10.0.40219.1
Project("{FAE04EC0-301F-11D3-BF4B-00C04F79EFBC}") = "Generic_Demo", "Generic_Demo.csproj", "{F3B6DBBE-AE79-44A6-A842-E7C6D5214ACF}"
EndProject
Global
	GlobalSection(SolutionConfigurationPlatforms) = preSolution
		Debug|Any CPU = Debug|Any CPU
		Release|Any CPU = Release|Any CPU
	EndGlobalSection
	GlobalSection(ProjectConfigurationPlatforms) = postSolution
		{F3B6DBBE-AE79-44A6-A842-E7C6D5214ACF}.Debug|Any CPU.ActiveCfg = Debug|Any CPU
		{F3B6DBBE-AE79-44A6-A842-E7C6D5214ACF}.Debug|Any CPU.Build.0 = Debug|Any CPU
		{F3B6DBBE-AE79-44A6-A842-E7C6D5214ACF}.Release|Any CPU.ActiveCfg = Release|Any CPU
		{F3B6DBBE-AE79-44A6-A842-E7C6D5214ACF}.Release|Any CPU.Build.0 = Release|Any CPU
	EndGlobalSection
	GlobalSection(SolutionProperties) = preSolution
		HideSolutionNode = FALSE
	EndGlobalSection
	GlobalSection(ExtensibilityGlobals) = postSolution
		SolutionGuid = {940F75B9-3183-4862-835E-094CB17C6A59}
	EndGlobalSection
EndGlobal
